{
  "requires": true,
  "lockfileVersion": 1,
  "dependencies": {
    "@mdi/react": {
      "version": "1.5.0",
      "resolved": "https://registry.npmjs.org/@mdi/react/-/react-1.5.0.tgz",
      "integrity": "sha512-NztRgUxSYD+ImaKN94Tg66VVVqXj4SmlDGzZoz48H9riJ+Awha56sfXH2fegw819NWo7KI3oeS1Es0lNQqwr0w=="
    }
  }
}
